
Microsoft Visual Studio Solution File, Format Version 12.00
Project("{FAE04EC0-301F-11D3-BF4B-00C04F79EFBC}") = "StatsDExample", "StatsDExample\StatsDExample.csproj", "{5C48B63D-0923-4AF7-A3F1-FFC2C9C9FFC3}"
EndProject
Project("{FAE04EC0-301F-11D3-BF4B-00C04F79EFBC}") = "StatsDExample.Domain", "StatsDExample.Domain\StatsDExample.Domain.csproj", "{A91CE900-BAEC-48C3-AF83-66014100FC11}"
EndProject
Project("{FAE04EC0-301F-11D3-BF4B-00C04F79EFBC}") = "CalculatorService", "CalculatorService\CalculatorService.csproj", "{B025F4F2-D298-4D0A-ADB3-CF5F8FD2A380}"
EndProject
Global
	GlobalSection(SolutionConfigurationPlatforms) = preSolution
		Debug|Any CPU = Debug|Any CPU
		Release|Any CPU = Release|Any CPU
	EndGlobalSection
	GlobalSection(ProjectConfigurationPlatforms) = postSolution
		{5C48B63D-0923-4AF7-A3F1-FFC2C9C9FFC3}.Debug|Any CPU.ActiveCfg = Debug|Any CPU
		{5C48B63D-0923-4AF7-A3F1-FFC2C9C9FFC3}.Debug|Any CPU.Build.0 = Debug|Any CPU
		{5C48B63D-0923-4AF7-A3F1-FFC2C9C9FFC3}.Release|Any CPU.ActiveCfg = Release|Any CPU
		{5C48B63D-0923-4AF7-A3F1-FFC2C9C9FFC3}.Release|Any CPU.Build.0 = Release|Any CPU
		{A91CE900-BAEC-48C3-AF83-66014100FC11}.Debug|Any CPU.ActiveCfg = Debug|Any CPU
		{A91CE900-BAEC-48C3-AF83-66014100FC11}.Debug|Any CPU.Build.0 = Debug|Any CPU
		{A91CE900-BAEC-48C3-AF83-66014100FC11}.Release|Any CPU.ActiveCfg = Release|Any CPU
		{A91CE900-BAEC-48C3-AF83-66014100FC11}.Release|Any CPU.Build.0 = Release|Any CPU
		{B025F4F2-D298-4D0A-ADB3-CF5F8FD2A380}.Debug|Any CPU.ActiveCfg = Debug|Any CPU
		{B025F4F2-D298-4D0A-ADB3-CF5F8FD2A380}.Debug|Any CPU.Build.0 = Debug|Any CPU
		{B025F4F2-D298-4D0A-ADB3-CF5F8FD2A380}.Release|Any CPU.ActiveCfg = Release|Any CPU
		{B025F4F2-D298-4D0A-ADB3-CF5F8FD2A380}.Release|Any CPU.Build.0 = Release|Any CPU
	EndGlobalSection
EndGlobal
